PODS:
  - Adiscope (3.9.0)
  - adiscope_flutter_plugin (3.9.0):
    - Adiscope (= 3.9.0)
    - Flutter
  - AdiscopeAdEvent (3.9.0)
  - AdiscopeMediaAdManager (3.9.0):
    - Google-Mobile-Ads-SDK (= 11.2.0)
  - AdiscopeMediaAdMob (3.9.0):
    - Google-Mobile-Ads-SDK (= 11.2.0)
    - GoogleMobileAdsMediationFacebook (= 6.15.2.0)
    - GoogleMobileAdsMediationMintegral (= 7.6.1.0)
    - GoogleMobileAdsMediationPangle (= 6.2.0.6.0)
    - GoogleMobileAdsMediationVungle (= 7.4.0.0)
  - AdiscopeMediaAppLovin (3.9.0):
    - AppLovinSDK (= 12.4.1)
  - AdiscopeMediaChartBoost (3.9.0):
    - ChartboostSDK (= 9.6.0)
  - AdiscopeMediaFAN (3.9.0):
    - FBAudienceNetwork (= 6.15.2)
  - AdiscopeMediaMax (3.9.0):
    - Ads-Global (= 6.2.0.6)
    - AmazonPublisherServicesSDK (= 4.9.6)
    - AppLovinSDK (= 12.4.1)
    - FBAudienceNetwork (= 6.15.2)
    - Fyber_Marketplace_SDK (= 8.3.1)
    - Google-Mobile-Ads-SDK (= 11.2.0)
    - InMobiSDK (= 10.7.5)
    - MintegralAdSDK (= 7.6.1)
    - MintegralAdSDK/BidSplashAd (= 7.6.1)
    - MintegralAdSDK/RewardVideoAd (= 7.6.1)
    - MolocoSDKiOS (= 3.1.1)
    - UnityAds (= 4.12.2)
    - VungleAds (= 7.4.0)
  - AdiscopeMediaMobVista (3.9.0):
    - MintegralAdSDK (= 7.6.1)
    - MintegralAdSDK/RewardVideoAd (= 7.6.1)
  - AdiscopeMediaPangle (3.9.0):
    - Ads-Global (= 6.2.0.6)
  - AdiscopeMediaVungle (3.9.0):
    - VungleAds (= 7.4.0)
  - Ads-Global (6.2.0.6):
    - Ads-Global/BUAdSDK (= 6.2.0.6)
  - Ads-Global/BUAdSDK (6.2.0.6):
    - Ads-Global/Dep_Accurate
  - Ads-Global/Dep_Accurate (6.2.0.6):
    - BURelyFoundation_Global/Pangle (= 1.0.0.6)
  - AmazonPublisherServicesSDK (4.9.6)
  - AppLovinSDK (12.4.1)
  - BURelyFoundation_Global/AFNetworking (1.0.0.6)
  - BURelyFoundation_Global/APM (1.0.0.6)
  - BURelyFoundation_Global/Foundation (1.0.0.6):
    - BURelyFoundation_Global/NETWork
  - BURelyFoundation_Global/Gecko (1.0.0.6):
    - BURelyFoundation_Global/Foundation
  - BURelyFoundation_Global/Header (1.0.0.6)
  - BURelyFoundation_Global/NETWork (1.0.0.6):
    - BURelyFoundation_Global/AFNetworking
  - BURelyFoundation_Global/Pangle (1.0.0.6):
    - BURelyFoundation_Global/AFNetworking
    - BURelyFoundation_Global/APM
    - BURelyFoundation_Global/Foundation
    - BURelyFoundation_Global/Gecko
    - BURelyFoundation_Global/Header
    - BURelyFoundation_Global/NETWork
    - BURelyFoundation_Global/SDWebImage
    - BURelyFoundation_Global/YYModel
    - BURelyFoundation_Global/ZFPlayer
    - BURelyFoundation_Global/Zip
  - BURelyFoundation_Global/SDWebImage (1.0.0.6):
    - BURelyFoundation_Global/Foundation
  - BURelyFoundation_Global/YYModel (1.0.0.6)
  - BURelyFoundation_Global/ZFPlayer (1.0.0.6):
    - BURelyFoundation_Global/Foundation
    - BURelyFoundation_Global/Zip
  - BURelyFoundation_Global/Zip (1.0.0.6):
    - BURelyFoundation_Global/Foundation
  - ChartboostSDK (9.6.0)
  - FBAudienceNetwork (6.15.2)
  - Flutter (1.0.0)
  - Fyber_Marketplace_SDK (8.3.1)
  - Google-Mobile-Ads-SDK (11.2.0):
    - GoogleUserMessagingPlatform (>= 1.1)
  - GoogleMobileAdsMediationFacebook (6.15.2.0):
    - FBAudienceNetwork (= 6.15.2)
    - Google-Mobile-Ads-SDK (~> 11.0)
  - GoogleMobileAdsMediationMintegral (7.6.1.0):
    - Google-Mobile-Ads-SDK (~> 11.0)
    - MintegralAdSDK/All (= 7.6.1)
  - GoogleMobileAdsMediationPangle (6.2.0.6.0):
    - Ads-Global (= 6.2.0.6)
    - Google-Mobile-Ads-SDK (~> 11.0)
  - GoogleMobileAdsMediationVungle (7.4.0.0):
    - Google-Mobile-Ads-SDK (~> 11.0)
    - VungleAds (= 7.4.0)
  - GoogleUserMessagingPlatform (2.6.0)
  - InMobiSDK (10.7.5)
  - integration_test (0.0.1):
    - Flutter
  - MintegralAdSDK (7.6.1):
    - MintegralAdSDK/BannerAd (= 7.6.1)
    - MintegralAdSDK/BidBannerAd (= 7.6.1)
    - MintegralAdSDK/BidInterstitialVideoAd (= 7.6.1)
    - MintegralAdSDK/BidNativeAd (= 7.6.1)
    - MintegralAdSDK/BidNewInterstitialAd (= 7.6.1)
    - MintegralAdSDK/BidRewardVideoAd (= 7.6.1)
    - MintegralAdSDK/InterstitialVideoAd (= 7.6.1)
    - MintegralAdSDK/NativeAd (= 7.6.1)
    - MintegralAdSDK/NewInterstitialAd (= 7.6.1)
    - MintegralAdSDK/RewardVideoAd (= 7.6.1)
  - MintegralAdSDK/All (7.6.1):
    - MintegralAdSDK/BannerAd
    - MintegralAdSDK/BidNativeAd
    - MintegralAdSDK/InterstitialVideoAd
    - MintegralAdSDK/NativeAd
    - MintegralAdSDK/NativeAdvancedAd
    - MintegralAdSDK/NewInterstitialAd
    - MintegralAdSDK/RewardVideoAd
    - MintegralAdSDK/SplashAd
  - MintegralAdSDK/BannerAd (7.6.1):
    - MintegralAdSDK/NativeAd
  - MintegralAdSDK/BidBannerAd (7.6.1):
    - MintegralAdSDK/BannerAd
    - MintegralAdSDK/BidNativeAd
  - MintegralAdSDK/BidInterstitialVideoAd (7.6.1):
    - MintegralAdSDK/BidNativeAd
    - MintegralAdSDK/InterstitialVideoAd
  - MintegralAdSDK/BidNativeAd (7.6.1):
    - MintegralAdSDK/NativeAd
  - MintegralAdSDK/BidNewInterstitialAd (7.6.1):
    - MintegralAdSDK/BidNativeAd
    - MintegralAdSDK/NewInterstitialAd
  - MintegralAdSDK/BidRewardVideoAd (7.6.1):
    - MintegralAdSDK/BidNativeAd
    - MintegralAdSDK/RewardVideoAd
  - MintegralAdSDK/BidSplashAd (7.6.1):
    - MintegralAdSDK/BidNativeAd
    - MintegralAdSDK/SplashAd
  - MintegralAdSDK/InterstitialVideoAd (7.6.1):
    - MintegralAdSDK/NativeAd
  - MintegralAdSDK/NativeAd (7.6.1)
  - MintegralAdSDK/NativeAdvancedAd (7.6.1):
    - MintegralAdSDK/NativeAd
  - MintegralAdSDK/NewInterstitialAd (7.6.1):
    - MintegralAdSDK/InterstitialVideoAd
    - MintegralAdSDK/NativeAd
  - MintegralAdSDK/RewardVideoAd (7.6.1):
    - MintegralAdSDK/NativeAd
  - MintegralAdSDK/SplashAd (7.6.1):
    - MintegralAdSDK/NativeAd
  - MolocoSDKiOS (3.1.1)
  - UnityAds (4.12.2)
  - VungleAds (7.4.0)

DEPENDENCIES:
  - adiscope_flutter_plugin (from `.symlinks/plugins/adiscope_flutter_plugin/ios`)
  - AdiscopeAdEvent (= 3.9.0)
  - AdiscopeMediaAdManager (= 3.9.0)
  - AdiscopeMediaAdMob (= 3.9.0)
  - AdiscopeMediaAppLovin (= 3.9.0)
  - AdiscopeMediaChartBoost (= 3.9.0)
  - AdiscopeMediaFAN (= 3.9.0)
  - AdiscopeMediaMax (= 3.9.0)
  - AdiscopeMediaMobVista (= 3.9.0)
  - AdiscopeMediaPangle (= 3.9.0)
  - AdiscopeMediaVungle (= 3.9.0)
  - Flutter (from `Flutter`)
  - integration_test (from `.symlinks/plugins/integration_test/ios`)

SPEC REPOS:
  trunk:
    - Adiscope
    - AdiscopeAdEvent
    - AdiscopeMediaAdManager
    - AdiscopeMediaAdMob
    - AdiscopeMediaAppLovin
    - AdiscopeMediaChartBoost
    - AdiscopeMediaFAN
    - AdiscopeMediaMax
    - AdiscopeMediaMobVista
    - AdiscopeMediaPangle
    - AdiscopeMediaVungle
    - Ads-Global
    - AmazonPublisherServicesSDK
    - AppLovinSDK
    - BURelyFoundation_Global
    - ChartboostSDK
    - FBAudienceNetwork
    - Fyber_Marketplace_SDK
    - Google-Mobile-Ads-SDK
    - GoogleMobileAdsMediationFacebook
    - GoogleMobileAdsMediationMintegral
    - GoogleMobileAdsMediationPangle
    - GoogleMobileAdsMediationVungle
    - GoogleUserMessagingPlatform
    - InMobiSDK
    - MintegralAdSDK
    - MolocoSDKiOS
    - UnityAds
    - VungleAds

EXTERNAL SOURCES:
  adiscope_flutter_plugin:
    :path: ".symlinks/plugins/adiscope_flutter_plugin/ios"
  Flutter:
    :path: Flutter
  integration_test:
    :path: ".symlinks/plugins/integration_test/ios"

SPEC CHECKSUMS:
  Adiscope: 864a114f88505a7ed03f82152b841c6ce4ec95b1
  adiscope_flutter_plugin: d6a954b3a03c4ecf7589c2f10035f9c4bae8d6b2
  AdiscopeAdEvent: 77d0aa374e8b87739cc4e5c4c9e47282ed2a05f4
  AdiscopeMediaAdManager: 33fe14063a994434d37424fe9557482e173afa79
  AdiscopeMediaAdMob: be9d7b4a204e078bcbc36d0a3af34e20634f761d
  AdiscopeMediaAppLovin: b3dcad461ca9918a7e537af182448a87e66b1c66
  AdiscopeMediaChartBoost: 31344bbee247dbcbe5f7e7f73ab0fe2b32fc334d
  AdiscopeMediaFAN: 00d4da2aa87d4e1622d8401e47403cbd336df0d5
  AdiscopeMediaMax: 3246780b1e2707efb6099edba34497187618ade8
  AdiscopeMediaMobVista: 171b191b3fed09c631fd6513751110c6975603a2
  AdiscopeMediaPangle: 9a649c1076d449ce3e595df0e319fe88bab5c04c
  AdiscopeMediaVungle: 0da020ddee2203a6daea92d4902450979af2bc0d
  Ads-Global: cf90e5dfbbc4c07ef7096a15f818bf11caf4f2da
  AmazonPublisherServicesSDK: fcedcca565ed490a3647eae50a2339d3b6720035
  AppLovinSDK: c57ad0d34625c971d2db127f8ef60570b28ff51a
  BURelyFoundation_Global: 17faee76affe097bd20b422fe829f9f90ed10e25
  ChartboostSDK: 67b6079679c3a643f8e0cd269a3d42970bdb9d98
  FBAudienceNetwork: 2457a89b45e2596241fd81b0c2fd8cb6f6053869
  Flutter: e0871f40cf51350855a761d2e70bf5af5b9b5de7
  Fyber_Marketplace_SDK: 23285d363d7a56d77e97a9699685885069deb3f7
  Google-Mobile-Ads-SDK: 5a6d005a6cb5b5e8f4c7b69ca05cdea79c181139
  GoogleMobileAdsMediationFacebook: 9308a6fea5d2a41a935119378a56b1b2e9624415
  GoogleMobileAdsMediationMintegral: eacbfa23f942d140dd6b61df93a59816a23c2a76
  GoogleMobileAdsMediationPangle: 6987c62186a451a39c572a83ed49bd9a4243cef7
  GoogleMobileAdsMediationVungle: 67cc04b4b01b5a159344de32729ab608e9338089
  GoogleUserMessagingPlatform: 0c3a08353e53ce8c2feab7addd0b652cde522450
  InMobiSDK: 728c861e41cd738eaf0a26b87f0e3f945e8c5602
  integration_test: ce0a3ffa1de96d1a89ca0ac26fca7ea18a749ef4
  MintegralAdSDK: b9561720d5f78df3b4c84549905117b2f3789d26
  MolocoSDKiOS: fe39d1a67cdd1e881fc5a891d51858e3c01b678b
  UnityAds: f746f4baac748fcf8b70f0d70c816f6316808d3e
  VungleAds: 4823f53e691ba140ff21e3a3a6897af789832a36

PODFILE CHECKSUM: 17a643993e4b860f8863e11ca66fc12b304c5297

COCOAPODS: 1.15.2
